// !$*UTF8*$!
{
	archiveVersion = 1;
	classes = {
	};
	objectVersion = 50;
	objects = {

/* Begin PBXBuildFile section */
		9D955A5F2206F20C008DDE95 /* AppDelegate.swift in Sources */ = {isa = PBXBuildFile; fileRef = 9D955A5E2206F20C008DDE95 /* AppDelegate.swift */; };
		9D955A612206F20C008DDE95 /* ViewController.swift in Sources */ = {isa = PBXBuildFile; fileRef = 9D955A602206F20C008DDE95 /* ViewController.swift */; };
		9D955A642206F20C008DDE95 /* Main.storyboard in Resources */ = {isa = PBXBuildFile; fileRef = 9D955A622206F20C008DDE95 /* Main.storyboard */; };
		9D955A662206F20E008DDE95 /* Assets.xcassets in Resources */ = {isa = PBXBuildFile; fileRef = 9D955A652206F20E008DDE95 /* Assets.xcassets */; };
		9D955A692206F20E008DDE95 /* LaunchScreen.storyboard in Resources */ = {isa = PBXBuildFile; fileRef = 9D955A672206F20E008DDE95 /* LaunchScreen.storyboard */; };
		9D955A762207029D008DDE95 /* Loader.swift in Sources */ = {isa = PBXBuildFile; fileRef = 9D955A752207029D008DDE95 /* Loader.swift */; };
		9D955A78220702AC008DDE95 /* LoaderProtocol.swift in Sources */ = {isa = PBXBuildFile; fileRef = 9D955A77220702AC008DDE95 /* LoaderProtocol.swift */; };
		9D955A7A220702BA008DDE95 /* Presenter.swift in Sources */ = {isa = PBXBuildFile; fileRef = 9D955A79220702BA008DDE95 /* Presenter.swift */; };
		9D955A7C220702C7008DDE95 /* PresenterProtocol.swift in Sources */ = {isa = PBXBuildFile; fileRef = 9D955A7B220702C7008DDE95 /* PresenterProtocol.swift */; };
		9D955A7E220702D0008DDE95 /* Model.swift in Sources */ = {isa = PBXBuildFile; fileRef = 9D955A7D220702D0008DDE95 /* Model.swift */; };
		9D955A80220702DD008DDE95 /* ModelProtocol.swift in Sources */ = {isa = PBXBuildFile; fileRef = 9D955A7F220702DD008DDE95 /* ModelProtocol.swift */; };
		9D955A82220702EC008DDE95 /* ViewProtocol.swift in Sources */ = {isa = PBXBuildFile; fileRef = 9D955A81220702EC008DDE95 /* ViewProtocol.swift */; };
		9D955A8522070AB5008DDE95 /* phases.json in Resources */ = {isa = PBXBuildFile; fileRef = 9D955A8422070AB5008DDE95 /* phases.json */; };
		9D955A8722070B81008DDE95 /* Phase.swift in Sources */ = {isa = PBXBuildFile; fileRef = 9D955A8622070B81008DDE95 /* Phase.swift */; };
		9D955A8B22070D94008DDE95 /* ModelStatus.swift in Sources */ = {isa = PBXBuildFile; fileRef = 9D955A8A22070D94008DDE95 /* ModelStatus.swift */; };
		9D955A8D22070D9D008DDE95 /* Try.swift in Sources */ = {isa = PBXBuildFile; fileRef = 9D955A8C22070D9D008DDE95 /* Try.swift */; };
		9D955A8F22070E41008DDE95 /* GenericError.swift in Sources */ = {isa = PBXBuildFile; fileRef = 9D955A8E22070E41008DDE95 /* GenericError.swift */; };
		9D955A9122071810008DDE95 /* UIColor+Hex.swift in Sources */ = {isa = PBXBuildFile; fileRef = 9D955A9022071810008DDE95 /* UIColor+Hex.swift */; };
		9D955A93220718C8008DDE95 /* PhaseSequence.swift in Sources */ = {isa = PBXBuildFile; fileRef = 9D955A92220718C8008DDE95 /* PhaseSequence.swift */; };
		9D955A95220735C4008DDE95 /* BreatheGererator.swift in Sources */ = {isa = PBXBuildFile; fileRef = 9D955A94220735C4008DDE95 /* BreatheGererator.swift */; };
		9D955A9722073FAB008DDE95 /* TimeInterval+Format.swift in Sources */ = {isa = PBXBuildFile; fileRef = 9D955A9622073FAB008DDE95 /* TimeInterval+Format.swift */; };
/* End PBXBuildFile section */

/* Begin PBXFileReference section */
		9D955A5B2206F20C008DDE95 /* AnimationTest.app */ = {isa = PBXFileReference; explicitFileType = wrapper.application; includeInIndex = 0; path = AnimationTest.app; sourceTree = BUILT_PRODUCTS_DIR; };
		9D955A5E2206F20C008DDE95 /* AppDelegate.swift */ = {isa = PBXFileReference; lastKnownFileType = sourcecode.swift; path = AppDelegate.swift; sourceTree = "<group>"; };
		9D955A602206F20C008DDE95 /* ViewController.swift */ = {isa = PBXFileReference; lastKnownFileType = sourcecode.swift; path = ViewController.swift; sourceTree = "<group>"; };
		9D955A632206F20C008DDE95 /* Base */ = {isa = PBXFileReference; lastKnownFileType = file.storyboard; name = Base; path = Base.lproj/Main.storyboard; sourceTree = "<group>"; };
		9D955A652206F20E008DDE95 /* Assets.xcassets */ = {isa = PBXFileReference; lastKnownFileType = folder.assetcatalog; path = Assets.xcassets; sourceTree = "<group>"; };
		9D955A682206F20E008DDE95 /* Base */ = {isa = PBXFileReference; lastKnownFileType = file.storyboard; name = Base; path = Base.lproj/LaunchScreen.storyboard; sourceTree = "<group>"; };
		9D955A6A2206F20E008DDE95 /* Info.plist */ = {isa = PBXFileReference; lastKnownFileType = text.plist.xml; path = Info.plist; sourceTree = "<group>"; };
		9D955A752207029D008DDE95 /* Loader.swift */ = {isa = PBXFileReference; lastKnownFileType = sourcecode.swift; path = Loader.swift; sourceTree = "<group>"; };
		9D955A77220702AC008DDE95 /* LoaderProtocol.swift */ = {isa = PBXFileReference; lastKnownFileType = sourcecode.swift; path = LoaderProtocol.swift; sourceTree = "<group>"; };
		9D955A79220702BA008DDE95 /* Presenter.swift */ = {isa = PBXFileReference; lastKnownFileType = sourcecode.swift; path = Presenter.swift; sourceTree = "<group>"; };
		9D955A7B220702C7008DDE95 /* PresenterProtocol.swift */ = {isa = PBXFileReference; lastKnownFileType = sourcecode.swift; path = PresenterProtocol.swift; sourceTree = "<group>"; };
		9D955A7D220702D0008DDE95 /* Model.swift */ = {isa = PBXFileReference; lastKnownFileType = sourcecode.swift; path = Model.swift; sourceTree = "<group>"; };
		9D955A7F220702DD008DDE95 /* ModelProtocol.swift */ = {isa = PBXFileReference; lastKnownFileType = sourcecode.swift; path = ModelProtocol.swift; sourceTree = "<group>"; };
		9D955A81220702EC008DDE95 /* ViewProtocol.swift */ = {isa = PBXFileReference; lastKnownFileType = sourcecode.swift; path = ViewProtocol.swift; sourceTree = "<group>"; };
		9D955A8422070AB5008DDE95 /* phases.json */ = {isa = PBXFileReference; fileEncoding = 4; lastKnownFileType = text.json; path = phases.json; sourceTree = "<group>"; };
		9D955A8622070B81008DDE95 /* Phase.swift */ = {isa = PBXFileReference; lastKnownFileType = sourcecode.swift; path = Phase.swift; sourceTree = "<group>"; };
		9D955A8A22070D94008DDE95 /* ModelStatus.swift */ = {isa = PBXFileReference; lastKnownFileType = sourcecode.swift; path = ModelStatus.swift; sourceTree = "<group>"; };
		9D955A8C22070D9D008DDE95 /* Try.swift */ = {isa = PBXFileReference; lastKnownFileType = sourcecode.swift; path = Try.swift; sourceTree = "<group>"; };
		9D955A8E22070E41008DDE95 /* GenericError.swift */ = {isa = PBXFileReference; lastKnownFileType = sourcecode.swift; path = GenericError.swift; sourceTree = "<group>"; };
		9D955A9022071810008DDE95 /* UIColor+Hex.swift */ = {isa = PBXFileReference; lastKnownFileType = sourcecode.swift; path = "UIColor+Hex.swift"; sourceTree = "<group>"; };
		9D955A92220718C8008DDE95 /* PhaseSequence.swift */ = {isa = PBXFileReference; lastKnownFileType = sourcecode.swift; path = PhaseSequence.swift; sourceTree = "<group>"; };
		9D955A94220735C4008DDE95 /* BreatheGererator.swift */ = {isa = PBXFileReference; lastKnownFileType = sourcecode.swift; path = BreatheGererator.swift; sourceTree = "<group>"; };
		9D955A9622073FAB008DDE95 /* TimeInterval+Format.swift */ = {isa = PBXFileReference; lastKnownFileType = sourcecode.swift; path = "TimeInterval+Format.swift"; sourceTree = "<group>"; };
/* End PBXFileReference section */

/* Begin PBXFrameworksBuildPhase section */
		9D955A582206F20C008DDE95 /* Frameworks */ = {
			isa = PBXFrameworksBuildPhase;
			buildActionMask = 2147483647;
			files = (
			);
			runOnlyForDeploymentPostprocessing = 0;
		};
/* End PBXFrameworksBuildPhase section */

/* Begin PBXGroup section */
		9D955A522206F20C008DDE95 = {
			isa = PBXGroup;
			children = (
				9D955A5D2206F20C008DDE95 /* AnimationTest */,
				9D955A5C2206F20C008DDE95 /* Products */,
			);
			sourceTree = "<group>";
		};
		9D955A5C2206F20C008DDE95 /* Products */ = {
			isa = PBXGroup;
			children = (
				9D955A5B2206F20C008DDE95 /* AnimationTest.app */,
			);
			name = Products;
			sourceTree = "<group>";
		};
		9D955A5D2206F20C008DDE95 /* AnimationTest */ = {
			isa = PBXGroup;
			children = (
				9D955A5E2206F20C008DDE95 /* AppDelegate.swift */,
				9D955A70220700EE008DDE95 /* Entities */,
				9D955A7322070122008DDE95 /* Loader */,
				9D955A7122070107008DDE95 /* Models */,
				9D955A7222070113008DDE95 /* Presenter */,
				9D955A742207012C008DDE95 /* View */,
				9D955A8822070D6C008DDE95 /* Extensions */,
				9D955A8922070D77008DDE95 /* Additionals */,
				9D955A8322070A6E008DDE95 /* Resourses */,
				9D955A672206F20E008DDE95 /* LaunchScreen.storyboard */,
				9D955A6A2206F20E008DDE95 /* Info.plist */,
			);
			path = AnimationTest;
			sourceTree = "<group>";
		};
		9D955A70220700EE008DDE95 /* Entities */ = {
			isa = PBXGroup;
			children = (
				9D955A8622070B81008DDE95 /* Phase.swift */,
			);
			path = Entities;
			sourceTree = "<group>";
		};
		9D955A7122070107008DDE95 /* Models */ = {
			isa = PBXGroup;
			children = (
				9D955A7D220702D0008DDE95 /* Model.swift */,
				9D955A7F220702DD008DDE95 /* ModelProtocol.swift */,
				9D955A92220718C8008DDE95 /* PhaseSequence.swift */,
				9D955A94220735C4008DDE95 /* BreatheGererator.swift */,
			);
			path = Models;
			sourceTree = "<group>";
		};
		9D955A7222070113008DDE95 /* Presenter */ = {
			isa = PBXGroup;
			children = (
				9D955A79220702BA008DDE95 /* Presenter.swift */,
				9D955A7B220702C7008DDE95 /* PresenterProtocol.swift */,
			);
			path = Presenter;
			sourceTree = "<group>";
		};
		9D955A7322070122008DDE95 /* Loader */ = {
			isa = PBXGroup;
			children = (
				9D955A752207029D008DDE95 /* Loader.swift */,
				9D955A77220702AC008DDE95 /* LoaderProtocol.swift */,
			);
			path = Loader;
			sourceTree = "<group>";
		};
		9D955A742207012C008DDE95 /* View */ = {
			isa = PBXGroup;
			children = (
				9D955A622206F20C008DDE95 /* Main.storyboard */,
				9D955A602206F20C008DDE95 /* ViewController.swift */,
				9D955A81220702EC008DDE95 /* ViewProtocol.swift */,
			);
			path = View;
			sourceTree = "<group>";
		};
		9D955A8322070A6E008DDE95 /* Resourses */ = {
			isa = PBXGroup;
			children = (
				9D955A652206F20E008DDE95 /* Assets.xcassets */,
				9D955A8422070AB5008DDE95 /* phases.json */,
			);
			path = Resourses;
			sourceTree = "<group>";
		};
		9D955A8822070D6C008DDE95 /* Extensions */ = {
			isa = PBXGroup;
			children = (
				9D955A9022071810008DDE95 /* UIColor+Hex.swift */,
				9D955A9622073FAB008DDE95 /* TimeInterval+Format.swift */,
			);
			path = Extensions;
			sourceTree = "<group>";
		};
		9D955A8922070D77008DDE95 /* Additionals */ = {
			isa = PBXGroup;
			children = (
				9D955A8A22070D94008DDE95 /* ModelStatus.swift */,
				9D955A8C22070D9D008DDE95 /* Try.swift */,
				9D955A8E22070E41008DDE95 /* GenericError.swift */,
			);
			path = Additionals;
			sourceTree = "<group>";
		};
/* End PBXGroup section */

/* Begin PBXNativeTarget section */
		9D955A5A2206F20C008DDE95 /* AnimationTest */ = {
			isa = PBXNativeTarget;
			buildConfigurationList = 9D955A6D2206F20E008DDE95 /* Build configuration list for PBXNativeTarget "AnimationTest" */;
			buildPhases = (
				9D955A572206F20C008DDE95 /* Sources */,
				9D955A582206F20C008DDE95 /* Frameworks */,
				9D955A592206F20C008DDE95 /* Resources */,
			);
			buildRules = (
			);
			dependencies = (
			);
			name = AnimationTest;
			productName = AnimationTest;
			productReference = 9D955A5B2206F20C008DDE95 /* AnimationTest.app */;
			productType = "com.apple.product-type.application";
		};
/* End PBXNativeTarget section */

/* Begin PBXProject section */
		9D955A532206F20C008DDE95 /* Project object */ = {
			isa = PBXProject;
			attributes = {
				LastSwiftUpdateCheck = 1010;
				LastUpgradeCheck = 1010;
				ORGANIZATIONNAME = "Inna Kuts";
				TargetAttributes = {
					9D955A5A2206F20C008DDE95 = {
						CreatedOnToolsVersion = 10.1;
					};
				};
			};
			buildConfigurationList = 9D955A562206F20C008DDE95 /* Build configuration list for PBXProject "AnimationTest" */;
			compatibilityVersion = "Xcode 9.3";
			developmentRegion = en;
			hasScannedForEncodings = 0;
			knownRegions = (
				en,
				Base,
			);
			mainGroup = 9D955A522206F20C008DDE95;
			productRefGroup = 9D955A5C2206F20C008DDE95 /* Products */;
			projectDirPath = "";
			projectRoot = "";
			targets = (
				9D955A5A2206F20C008DDE95 /* AnimationTest */,
			);
		};
/* End PBXProject section */

/* Begin PBXResourcesBuildPhase section */
		9D955A592206F20C008DDE95 /* Resources */ = {
			isa = PBXResourcesBuildPhase;
			buildActionMask = 2147483647;
			files = (
				9D955A692206F20E008DDE95 /* LaunchScreen.storyboard in Resources */,
				9D955A662206F20E008DDE95 /* Assets.xcassets in Resources */,
				9D955A642206F20C008DDE95 /* Main.storyboard in Resources */,
				9D955A8522070AB5008DDE95 /* phases.json in Resources */,
			);
			runOnlyForDeploymentPostprocessing = 0;
		};
/* End PBXResourcesBuildPhase section */

/* Begin PBXSourcesBuildPhase section */
		9D955A572206F20C008DDE95 /* Sources */ = {
			isa = PBXSourcesBuildPhase;
			buildActionMask = 2147483647;
			files = (
				9D955A7E220702D0008DDE95 /* Model.swift in Sources */,
				9D955A80220702DD008DDE95 /* ModelProtocol.swift in Sources */,
				9D955A78220702AC008DDE95 /* LoaderProtocol.swift in Sources */,
				9D955A9722073FAB008DDE95 /* TimeInterval+Format.swift in Sources */,
				9D955A8D22070D9D008DDE95 /* Try.swift in Sources */,
				9D955A612206F20C008DDE95 /* ViewController.swift in Sources */,
				9D955A7C220702C7008DDE95 /* PresenterProtocol.swift in Sources */,
				9D955A5F2206F20C008DDE95 /* AppDelegate.swift in Sources */,
				9D955A95220735C4008DDE95 /* BreatheGererator.swift in Sources */,
				9D955A9122071810008DDE95 /* UIColor+Hex.swift in Sources */,
				9D955A762207029D008DDE95 /* Loader.swift in Sources */,
				9D955A8722070B81008DDE95 /* Phase.swift in Sources */,
				9D955A82220702EC008DDE95 /* ViewProtocol.swift in Sources */,
				9D955A8B22070D94008DDE95 /* ModelStatus.swift in Sources */,
				9D955A8F22070E41008DDE95 /* GenericError.swift in Sources */,
				9D955A93220718C8008DDE95 /* PhaseSequence.swift in Sources */,
				9D955A7A220702BA008DDE95 /* Presenter.swift in Sources */,
			);
			runOnlyForDeploymentPostprocessing = 0;
		};
/* End PBXSourcesBuildPhase section */

/* Begin PBXVariantGroup section */
		9D955A622206F20C008DDE95 /* Main.storyboard */ = {
			isa = PBXVariantGroup;
			children = (
				9D955A632206F20C008DDE95 /* Base */,
			);
			name = Main.storyboard;
			sourceTree = "<group>";
		};
		9D955A672206F20E008DDE95 /* LaunchScreen.storyboard */ = {
			isa = PBXVariantGroup;
			children = (
				9D955A682206F20E008DDE95 /* Base */,
			);
			name = LaunchScreen.storyboard;
			sourceTree = "<group>";
		};
/* End PBXVariantGroup section */

/* Begin XCBuildConfiguration section */
		9D955A6B2206F20E008DDE95 /* Debug */ = {
			isa = XCBuildConfiguration;
			buildSettings = {
				ALWAYS_SEARCH_USER_PATHS = NO;
				CLANG_ANALYZER_NONNULL = YES;
				CLANG_ANALYZER_NUMBER_OBJECT_CONVERSION = YES_AGGRESSIVE;
				CLANG_CXX_LANGUAGE_STANDARD = "gnu++14";
				CLANG_CXX_LIBRARY = "libc++";
				CLANG_ENABLE_MODULES = YES;
				CLANG_ENABLE_OBJC_ARC = YES;
				CLANG_ENABLE_OBJC_WEAK = YES;
				CLANG_WARN_BLOCK_CAPTURE_AUTORELEASING = YES;
				CLANG_WARN_BOOL_CONVERSION = YES;
				CLANG_WARN_COMMA = YES;
				CLANG_WARN_CONSTANT_CONVERSION = YES;
				CLANG_WARN_DEPRECATED_OBJC_IMPLEMENTATIONS = YES;
				CLANG_WARN_DIRECT_OBJC_ISA_USAGE = YES_ERROR;
				CLANG_WARN_DOCUMENTATION_COMMENTS = YES;
				CLANG_WARN_EMPTY_BODY = YES;
				CLANG_WARN_ENUM_CONVERSION = YES;
				CLANG_WARN_INFINITE_RECURSION = YES;
				CLANG_WARN_INT_CONVERSION = YES;
				CLANG_WARN_NON_LITERAL_NULL_CONVERSION = YES;
				CLANG_WARN_OBJC_IMPLICIT_RETAIN_SELF = YES;
				CLANG_WARN_OBJC_LITERAL_CONVERSION = YES;
				CLANG_WARN_OBJC_ROOT_CLASS = YES_ERROR;
				CLANG_WARN_RANGE_LOOP_ANALYSIS = YES;
				CLANG_WARN_STRICT_PROTOTYPES = YES;
				CLANG_WARN_SUSPICIOUS_MOVE = YES;
				CLANG_WARN_UNGUARDED_AVAILABILITY = YES_AGGRESSIVE;
				CLANG_WARN_UNREACHABLE_CODE = YES;
				CLANG_WARN__DUPLICATE_METHOD_MATCH = YES;
				CODE_SIGN_IDENTITY = "iPhone Developer";
				COPY_PHASE_STRIP = NO;
				DEBUG_INFORMATION_FORMAT = dwarf;
				ENABLE_STRICT_OBJC_MSGSEND = YES;
				ENABLE_TESTABILITY = YES;
				GCC_C_LANGUAGE_STANDARD = gnu11;
				GCC_DYNAMIC_NO_PIC = NO;
				GCC_NO_COMMON_BLOCKS = YES;
				GCC_OPTIMIZATION_LEVEL = 0;
				GCC_PREPROCESSOR_DEFINITIONS = (
					"DEBUG=1",
					"$(inherited)",
				);
				GCC_WARN_64_TO_32_BIT_CONVERSION = YES;
				GCC_WARN_ABOUT_RETURN_TYPE = YES_ERROR;
				GCC_WARN_UNDECLARED_SELECTOR = YES;
				GCC_WARN_UNINITIALIZED_AUTOS = YES_AGGRESSIVE;
				GCC_WARN_UNUSED_FUNCTION = YES;
				GCC_WARN_UNUSED_VARIABLE = YES;
				IPHONEOS_DEPLOYMENT_TARGET = 12.1;
				MTL_ENABLE_DEBUG_INFO = INCLUDE_SOURCE;
				MTL_FAST_MATH = YES;
				ONLY_ACTIVE_ARCH = YES;
				SDKROOT = iphoneos;
				SWIFT_ACTIVE_COMPILATION_CONDITIONS = DEBUG;
				SWIFT_OPTIMIZATION_LEVEL = "-Onone";
			};
			name = Debug;
		};
		9D955A6C2206F20E008DDE95 /* Release */ = {
			isa = XCBuildConfiguration;
			buildSettings = {
				ALWAYS_SEARCH_USER_PATHS = NO;
				CLANG_ANALYZER_NONNULL = YES;
				CLANG_ANALYZER_NUMBER_OBJECT_CONVERSION = YES_AGGRESSIVE;
				CLANG_CXX_LANGUAGE_STANDARD = "gnu++14";
				CLANG_CXX_LIBRARY = "libc++";
				CLANG_ENABLE_MODULES = YES;
				CLANG_ENABLE_OBJC_ARC = YES;
				CLANG_ENABLE_OBJC_WEAK = YES;
				CLANG_WARN_BLOCK_CAPTURE_AUTORELEASING = YES;
				CLANG_WARN_BOOL_CONVERSION = YES;
				CLANG_WARN_COMMA = YES;
				CLANG_WARN_CONSTANT_CONVERSION = YES;
				CLANG_WARN_DEPRECATED_OBJC_IMPLEMENTATIONS = YES;
				CLANG_WARN_DIRECT_OBJC_ISA_USAGE = YES_ERROR;
				CLANG_WARN_DOCUMENTATION_COMMENTS = YES;
				CLANG_WARN_EMPTY_BODY = YES;
				CLANG_WARN_ENUM_CONVERSION = YES;
				CLANG_WARN_INFINITE_RECURSION = YES;
				CLANG_WARN_INT_CONVERSION = YES;
				CLANG_WARN_NON_LITERAL_NULL_CONVERSION = YES;
				CLANG_WARN_OBJC_IMPLICIT_RETAIN_SELF = YES;
				CLANG_WARN_OBJC_LITERAL_CONVERSION = YES;
				CLANG_WARN_OBJC_ROOT_CLASS = YES_ERROR;
				CLANG_WARN_RANGE_LOOP_ANALYSIS = YES;
				CLANG_WARN_STRICT_PROTOTYPES = YES;
				CLANG_WARN_SUSPICIOUS_MOVE = YES;
				CLANG_WARN_UNGUARDED_AVAILABILITY = YES_AGGRESSIVE;
				CLANG_WARN_UNREACHABLE_CODE = YES;
				CLANG_WARN__DUPLICATE_METHOD_MATCH = YES;
				CODE_SIGN_IDENTITY = "iPhone Developer";
				COPY_PHASE_STRIP = NO;
				DEBUG_INFORMATION_FORMAT = "dwarf-with-dsym";
				ENABLE_NS_ASSERTIONS = NO;
				ENABLE_STRICT_OBJC_MSGSEND = YES;
				GCC_C_LANGUAGE_STANDARD = gnu11;
				GCC_NO_COMMON_BLOCKS = YES;
				GCC_WARN_64_TO_32_BIT_CONVERSION = YES;
				GCC_WARN_ABOUT_RETURN_TYPE = YES_ERROR;
				GCC_WARN_UNDECLARED_SELECTOR = YES;
				GCC_WARN_UNINITIALIZED_AUTOS = YES_AGGRESSIVE;
				GCC_WARN_UNUSED_FUNCTION = YES;
				GCC_WARN_UNUSED_VARIABLE = YES;
				IPHONEOS_DEPLOYMENT_TARGET = 12.1;
				MTL_ENABLE_DEBUG_INFO = NO;
				MTL_FAST_MATH = YES;
				SDKROOT = iphoneos;
				SWIFT_COMPILATION_MODE = wholemodule;
				SWIFT_OPTIMIZATION_LEVEL = "-O";
				VALIDATE_PRODUCT = YES;
			};
			name = Release;
		};
		9D955A6E2206F20E008DDE95 /* Debug */ = {
			isa = XCBuildConfiguration;
			buildSettings = {
				ASSETCATALOG_COMPILER_APPICON_NAME = AppIcon;
				CODE_SIGN_STYLE = Automatic;
				DEVELOPMENT_TEAM = 8WLM48MPJH;
				INFOPLIST_FILE = AnimationTest/Info.plist;
				LD_RUNPATH_SEARCH_PATHS = (
					"$(inherited)",
					"@executable_path/Frameworks",
				);
				PRODUCT_BUNDLE_IDENTIFIER = Inna.AnimationTest;
				PRODUCT_NAME = "$(TARGET_NAME)";
				SWIFT_VERSION = 4.2;
				TARGETED_DEVICE_FAMILY = "1,2";
			};
			name = Debug;
		};
		9D955A6F2206F20E008DDE95 /* Release */ = {
			isa = XCBuildConfiguration;
			buildSettings = {
				ASSETCATALOG_COMPILER_APPICON_NAME = AppIcon;
				CODE_SIGN_STYLE = Automatic;
				DEVELOPMENT_TEAM = 8WLM48MPJH;
				INFOPLIST_FILE = AnimationTest/Info.plist;
				LD_RUNPATH_SEARCH_PATHS = (
					"$(inherited)",
					"@executable_path/Frameworks",
				);
				PRODUCT_BUNDLE_IDENTIFIER = Inna.AnimationTest;
				PRODUCT_NAME = "$(TARGET_NAME)";
				SWIFT_VERSION = 4.2;
				TARGETED_DEVICE_FAMILY = "1,2";
			};
			name = Release;
		};
/* End XCBuildConfiguration section */

/* Begin XCConfigurationList section */
		9D955A562206F20C008DDE95 /* Build configuration list for PBXProject "AnimationTest" */ = {
			isa = XCConfigurationList;
			buildConfigurations = (
				9D955A6B2206F20E008DDE95 /* Debug */,
				9D955A6C2206F20E008DDE95 /* Release */,
			);
			defaultConfigurationIsVisible = 0;
			defaultConfigurationName = Release;
		};
		9D955A6D2206F20E008DDE95 /* Build configuration list for PBXNativeTarget "AnimationTest" */ = {
			isa = XCConfigurationList;
			buildConfigurations = (
				9D955A6E2206F20E008DDE95 /* Debug */,
				9D955A6F2206F20E008DDE95 /* Release */,
			);
			defaultConfigurationIsVisible = 0;
			defaultConfigurationName = Release;
		};
/* End XCConfigurationList section */
	};
	rootObject = 9D955A532206F20C008DDE95 /* Project object */;
}
